// !$*UTF8*$!
{
	archiveVersion = 1;
	classes = {
	};
	objectVersion = 50;
	objects = {

/* Begin PBXBuildFile section */
		4F4362902232A767006E5BD8 /* main.m in Sources */ = {isa = PBXBuildFile; fileRef = 4F43628F2232A767006E5BD8 /* main.m */; };
		4F4362982232A793006E5BD8 /* MZAppleEventDescriptor.m in Sources */ = {isa = PBXBuildFile; fileRef = 4F4362972232A793006E5BD8 /* MZAppleEventDescriptor.m */; };
		4F43629B2232AA23006E5BD8 /* Foundation.framework in Frameworks */ = {isa = PBXBuildFile; fileRef = 4F43629A2232AA23006E5BD8 /* Foundation.framework */; };
		4F43629D2232AA2A006E5BD8 /* CoreServices.framework in Frameworks */ = {isa = PBXBuildFile; fileRef = 4F43629C2232AA2A006E5BD8 /* CoreServices.framework */; };
		4F44D6BE223EB131000745BC /* MZAppleEventManager.m in Sources */ = {isa = PBXBuildFile; fileRef = 4F44D6BD223EB131000745BC /* MZAppleEventManager.m */; };
		4F44D6C2223F8523000745BC /* MZAppleEventConverter.m in Sources */ = {isa = PBXBuildFile; fileRef = 4F44D6C0223F8523000745BC /* MZAppleEventConverter.m */; };
		4F44D6C5223F86E6000745BC /* MZFourCharCode.m in Sources */ = {isa = PBXBuildFile; fileRef = 4F44D6C4223F86E6000745BC /* MZFourCharCode.m */; };
/* End PBXBuildFile section */

/* Begin PBXCopyFilesBuildPhase section */
		4F43628A2232A767006E5BD8 /* CopyFiles */ = {
			isa = PBXCopyFilesBuildPhase;
			buildActionMask = 2147483647;
			dstPath = /usr/share/man/man1/;
			dstSubfolderSpec = 0;
			files = (
			);
			runOnlyForDeploymentPostprocessing = 1;
		};
/* End PBXCopyFilesBuildPhase section */

/* Begin PBXFileReference section */
		4F43628C2232A767006E5BD8 /* MZAppleEventDescriptor */ = {isa = PBXFileReference; explicitFileType = "compiled.mach-o.executable"; includeInIndex = 0; path = MZAppleEventDescriptor; sourceTree = BUILT_PRODUCTS_DIR; };
		4F43628F2232A767006E5BD8 /* main.m */ = {isa = PBXFileReference; lastKnownFileType = sourcecode.c.objc; path = main.m; sourceTree = "<group>"; };
		4F4362962232A793006E5BD8 /* MZAppleEventDescriptor.h */ = {isa = PBXFileReference; lastKnownFileType = sourcecode.c.h; path = MZAppleEventDescriptor.h; sourceTree = "<group>"; };
		4F4362972232A793006E5BD8 /* MZAppleEventDescriptor.m */ = {isa = PBXFileReference; lastKnownFileType = sourcecode.c.objc; path = MZAppleEventDescriptor.m; sourceTree = "<group>"; };
		4F43629A2232AA23006E5BD8 /* Foundation.framework */ = {isa = PBXFileReference; lastKnownFileType = wrapper.framework; name = Foundation.framework; path = System/Library/Frameworks/Foundation.framework; sourceTree = SDKROOT; };
		4F43629C2232AA2A006E5BD8 /* CoreServices.framework */ = {isa = PBXFileReference; lastKnownFileType = wrapper.framework; name = CoreServices.framework; path = System/Library/Frameworks/CoreServices.framework; sourceTree = SDKROOT; };
		4F44D6BC223EB131000745BC /* MZAppleEventManager.h */ = {isa = PBXFileReference; lastKnownFileType = sourcecode.c.h; path = MZAppleEventManager.h; sourceTree = "<group>"; };
		4F44D6BD223EB131000745BC /* MZAppleEventManager.m */ = {isa = PBXFileReference; lastKnownFileType = sourcecode.c.objc; path = MZAppleEventManager.m; sourceTree = "<group>"; };
		4F44D6C0223F8523000745BC /* MZAppleEventConverter.m */ = {isa = PBXFileReference; fileEncoding = 4; lastKnownFileType = sourcecode.c.objc; path = MZAppleEventConverter.m; sourceTree = "<group>"; };
		4F44D6C1223F8523000745BC /* MZAppleEventConverter.h */ = {isa = PBXFileReference; fileEncoding = 4; lastKnownFileType = sourcecode.c.h; path = MZAppleEventConverter.h; sourceTree = "<group>"; };
		4F44D6C3223F86E6000745BC /* MZFourCharCode.h */ = {isa = PBXFileReference; lastKnownFileType = sourcecode.c.h; path = MZFourCharCode.h; sourceTree = "<group>"; };
		4F44D6C4223F86E6000745BC /* MZFourCharCode.m */ = {isa = PBXFileReference; lastKnownFileType = sourcecode.c.objc; path = MZFourCharCode.m; sourceTree = "<group>"; };
/* End PBXFileReference section */

/* Begin PBXFrameworksBuildPhase section */
		4F4362892232A767006E5BD8 /* Frameworks */ = {
			isa = PBXFrameworksBuildPhase;
			buildActionMask = 2147483647;
			files = (
				4F43629D2232AA2A006E5BD8 /* CoreServices.framework in Frameworks */,
				4F43629B2232AA23006E5BD8 /* Foundation.framework in Frameworks */,
			);
			runOnlyForDeploymentPostprocessing = 0;
		};
/* End PBXFrameworksBuildPhase section */

/* Begin PBXGroup section */
		4F4362832232A767006E5BD8 = {
			isa = PBXGroup;
			children = (
				4F43628E2232A767006E5BD8 /* MZAppleEventDescriptor */,
				4F43628D2232A767006E5BD8 /* Products */,
				4F4362992232AA23006E5BD8 /* Frameworks */,
			);
			sourceTree = "<group>";
		};
		4F43628D2232A767006E5BD8 /* Products */ = {
			isa = PBXGroup;
			children = (
				4F43628C2232A767006E5BD8 /* MZAppleEventDescriptor */,
			);
			name = Products;
			sourceTree = "<group>";
		};
		4F43628E2232A767006E5BD8 /* MZAppleEventDescriptor */ = {
			isa = PBXGroup;
			children = (
				4F43628F2232A767006E5BD8 /* main.m */,
				4F4362962232A793006E5BD8 /* MZAppleEventDescriptor.h */,
				4F4362972232A793006E5BD8 /* MZAppleEventDescriptor.m */,
				4F44D6BC223EB131000745BC /* MZAppleEventManager.h */,
				4F44D6BD223EB131000745BC /* MZAppleEventManager.m */,
				4F44D6C1223F8523000745BC /* MZAppleEventConverter.h */,
				4F44D6C0223F8523000745BC /* MZAppleEventConverter.m */,
				4F44D6C3223F86E6000745BC /* MZFourCharCode.h */,
				4F44D6C4223F86E6000745BC /* MZFourCharCode.m */,
			);
			path = MZAppleEventDescriptor;
			sourceTree = "<group>";
		};
		4F4362992232AA23006E5BD8 /* Frameworks */ = {
			isa = PBXGroup;
			children = (
				4F43629C2232AA2A006E5BD8 /* CoreServices.framework */,
				4F43629A2232AA23006E5BD8 /* Foundation.framework */,
			);
			name = Frameworks;
			sourceTree = "<group>";
		};
/* End PBXGroup section */

/* Begin PBXNativeTarget section */
		4F43628B2232A767006E5BD8 /* MZAppleEventDescriptor */ = {
			isa = PBXNativeTarget;
			buildConfigurationList = 4F4362932232A767006E5BD8 /* Build configuration list for PBXNativeTarget "MZAppleEventDescriptor" */;
			buildPhases = (
				4F4362882232A767006E5BD8 /* Sources */,
				4F4362892232A767006E5BD8 /* Frameworks */,
				4F43628A2232A767006E5BD8 /* CopyFiles */,
			);
			buildRules = (
			);
			dependencies = (
			);
			name = MZAppleEventDescriptor;
			productName = MZAppleEventDescriptor;
			productReference = 4F43628C2232A767006E5BD8 /* MZAppleEventDescriptor */;
			productType = "com.apple.product-type.tool";
		};
/* End PBXNativeTarget section */

/* Begin PBXProject section */
		4F4362842232A767006E5BD8 /* Project object */ = {
			isa = PBXProject;
			attributes = {
				LastUpgradeCheck = 1010;
				ORGANIZATIONNAME = "Hamish Sanderson";
				TargetAttributes = {
					4F43628B2232A767006E5BD8 = {
						CreatedOnToolsVersion = 10.1;
					};
				};
			};
			buildConfigurationList = 4F4362872232A767006E5BD8 /* Build configuration list for PBXProject "MZAppleEventDescriptor" */;
			compatibilityVersion = "Xcode 9.3";
			developmentRegion = en;
			hasScannedForEncodings = 0;
			knownRegions = (
				en,
			);
			mainGroup = 4F4362832232A767006E5BD8;
			productRefGroup = 4F43628D2232A767006E5BD8 /* Products */;
			projectDirPath = "";
			projectRoot = "";
			targets = (
				4F43628B2232A767006E5BD8 /* MZAppleEventDescriptor */,
			);
		};
/* End PBXProject section */

/* Begin PBXSourcesBuildPhase section */
		4F4362882232A767006E5BD8 /* Sources */ = {
			isa = PBXSourcesBuildPhase;
			buildActionMask = 2147483647;
			files = (
				4F4362902232A767006E5BD8 /* main.m in Sources */,
				4F44D6C5223F86E6000745BC /* MZFourCharCode.m in Sources */,
				4F44D6BE223EB131000745BC /* MZAppleEventManager.m in Sources */,
				4F44D6C2223F8523000745BC /* MZAppleEventConverter.m in Sources */,
				4F4362982232A793006E5BD8 /* MZAppleEventDescriptor.m in Sources */,
			);
			runOnlyForDeploymentPostprocessing = 0;
		};
/* End PBXSourcesBuildPhase section */

/* Begin XCBuildConfiguration section */
		4F4362912232A767006E5BD8 /* Debug */ = {
			isa = XCBuildConfiguration;
			buildSettings = {
				ALWAYS_SEARCH_USER_PATHS = NO;
				CLANG_ANALYZER_NONNULL = YES;
				CLANG_ANALYZER_NUMBER_OBJECT_CONVERSION = YES_AGGRESSIVE;
				CLANG_CXX_LANGUAGE_STANDARD = "gnu++14";
				CLANG_CXX_LIBRARY = "libc++";
				CLANG_ENABLE_MODULES = YES;
				CLANG_ENABLE_OBJC_ARC = YES;
				CLANG_ENABLE_OBJC_WEAK = YES;
				CLANG_WARN_BLOCK_CAPTURE_AUTORELEASING = YES;
				CLANG_WARN_BOOL_CONVERSION = YES;
				CLANG_WARN_COMMA = YES;
				CLANG_WARN_CONSTANT_CONVERSION = YES;
				CLANG_WARN_DEPRECATED_OBJC_IMPLEMENTATIONS = YES;
				CLANG_WARN_DIRECT_OBJC_ISA_USAGE = YES_ERROR;
				CLANG_WARN_DOCUMENTATION_COMMENTS = YES;
				CLANG_WARN_EMPTY_BODY = YES;
				CLANG_WARN_ENUM_CONVERSION = YES;
				CLANG_WARN_INFINITE_RECURSION = YES;
				CLANG_WARN_INT_CONVERSION = YES;
				CLANG_WARN_NON_LITERAL_NULL_CONVERSION = YES;
				CLANG_WARN_OBJC_IMPLICIT_RETAIN_SELF = YES;
				CLANG_WARN_OBJC_LITERAL_CONVERSION = YES;
				CLANG_WARN_OBJC_ROOT_CLASS = YES_ERROR;
				CLANG_WARN_RANGE_LOOP_ANALYSIS = YES;
				CLANG_WARN_STRICT_PROTOTYPES = YES;
				CLANG_WARN_SUSPICIOUS_MOVE = YES;
				CLANG_WARN_UNGUARDED_AVAILABILITY = YES_AGGRESSIVE;
				CLANG_WARN_UNREACHABLE_CODE = YES;
				CLANG_WARN__DUPLICATE_METHOD_MATCH = YES;
				CODE_SIGN_IDENTITY = "Mac Developer";
				COPY_PHASE_STRIP = NO;
				DEBUG_INFORMATION_FORMAT = dwarf;
				ENABLE_STRICT_OBJC_MSGSEND = YES;
				ENABLE_TESTABILITY = YES;
				GCC_C_LANGUAGE_STANDARD = gnu11;
				GCC_DYNAMIC_NO_PIC = NO;
				GCC_NO_COMMON_BLOCKS = YES;
				GCC_OPTIMIZATION_LEVEL = 0;
				GCC_PREPROCESSOR_DEFINITIONS = (
					"DEBUG=1",
					"$(inherited)",
				);
				GCC_WARN_64_TO_32_BIT_CONVERSION = YES;
				GCC_WARN_ABOUT_RETURN_TYPE = YES_ERROR;
				GCC_WARN_UNDECLARED_SELECTOR = YES;
				GCC_WARN_UNINITIALIZED_AUTOS = YES_AGGRESSIVE;
				GCC_WARN_UNUSED_FUNCTION = YES;
				GCC_WARN_UNUSED_VARIABLE = YES;
				MACOSX_DEPLOYMENT_TARGET = 10.14;
				MTL_ENABLE_DEBUG_INFO = INCLUDE_SOURCE;
				MTL_FAST_MATH = YES;
				ONLY_ACTIVE_ARCH = YES;
				SDKROOT = macosx;
			};
			name = Debug;
		};
		4F4362922232A767006E5BD8 /* Release */ = {
			isa = XCBuildConfiguration;
			buildSettings = {
				ALWAYS_SEARCH_USER_PATHS = NO;
				CLANG_ANALYZER_NONNULL = YES;
				CLANG_ANALYZER_NUMBER_OBJECT_CONVERSION = YES_AGGRESSIVE;
				CLANG_CXX_LANGUAGE_STANDARD = "gnu++14";
				CLANG_CXX_LIBRARY = "libc++";
				CLANG_ENABLE_MODULES = YES;
				CLANG_ENABLE_OBJC_ARC = YES;
				CLANG_ENABLE_OBJC_WEAK = YES;
				CLANG_WARN_BLOCK_CAPTURE_AUTORELEASING = YES;
				CLANG_WARN_BOOL_CONVERSION = YES;
				CLANG_WARN_COMMA = YES;
				CLANG_WARN_CONSTANT_CONVERSION = YES;
				CLANG_WARN_DEPRECATED_OBJC_IMPLEMENTATIONS = YES;
				CLANG_WARN_DIRECT_OBJC_ISA_USAGE = YES_ERROR;
				CLANG_WARN_DOCUMENTATION_COMMENTS = YES;
				CLANG_WARN_EMPTY_BODY = YES;
				CLANG_WARN_ENUM_CONVERSION = YES;
				CLANG_WARN_INFINITE_RECURSION = YES;
				CLANG_WARN_INT_CONVERSION = YES;
				CLANG_WARN_NON_LITERAL_NULL_CONVERSION = YES;
				CLANG_WARN_OBJC_IMPLICIT_RETAIN_SELF = YES;
				CLANG_WARN_OBJC_LITERAL_CONVERSION = YES;
				CLANG_WARN_OBJC_ROOT_CLASS = YES_ERROR;
				CLANG_WARN_RANGE_LOOP_ANALYSIS = YES;
				CLANG_WARN_STRICT_PROTOTYPES = YES;
				CLANG_WARN_SUSPICIOUS_MOVE = YES;
				CLANG_WARN_UNGUARDED_AVAILABILITY = YES_AGGRESSIVE;
				CLANG_WARN_UNREACHABLE_CODE = YES;
				CLANG_WARN__DUPLICATE_METHOD_MATCH = YES;
				CODE_SIGN_IDENTITY = "Mac Developer";
				COPY_PHASE_STRIP = NO;
				DEBUG_INFORMATION_FORMAT = "dwarf-with-dsym";
				ENABLE_NS_ASSERTIONS = NO;
				ENABLE_STRICT_OBJC_MSGSEND = YES;
				GCC_C_LANGUAGE_STANDARD = gnu11;
				GCC_NO_COMMON_BLOCKS = YES;
				GCC_WARN_64_TO_32_BIT_CONVERSION = YES;
				GCC_WARN_ABOUT_RETURN_TYPE = YES_ERROR;
				GCC_WARN_UNDECLARED_SELECTOR = YES;
				GCC_WARN_UNINITIALIZED_AUTOS = YES_AGGRESSIVE;
				GCC_WARN_UNUSED_FUNCTION = YES;
				GCC_WARN_UNUSED_VARIABLE = YES;
				MACOSX_DEPLOYMENT_TARGET = 10.14;
				MTL_ENABLE_DEBUG_INFO = NO;
				MTL_FAST_MATH = YES;
				SDKROOT = macosx;
			};
			name = Release;
		};
		4F4362942232A767006E5BD8 /* Debug */ = {
			isa = XCBuildConfiguration;
			buildSettings = {
				CODE_SIGN_STYLE = Automatic;
				DEVELOPMENT_TEAM = 27XZ82KJ77;
				PRODUCT_NAME = "$(TARGET_NAME)";
			};
			name = Debug;
		};
		4F4362952232A767006E5BD8 /* Release */ = {
			isa = XCBuildConfiguration;
			buildSettings = {
				CODE_SIGN_STYLE = Automatic;
				DEVELOPMENT_TEAM = 27XZ82KJ77;
				PRODUCT_NAME = "$(TARGET_NAME)";
			};
			name = Release;
		};
/* End XCBuildConfiguration section */

/* Begin XCConfigurationList section */
		4F4362872232A767006E5BD8 /* Build configuration list for PBXProject "MZAppleEventDescriptor" */ = {
			isa = XCConfigurationList;
			buildConfigurations = (
				4F4362912232A767006E5BD8 /* Debug */,
				4F4362922232A767006E5BD8 /* Release */,
			);
			defaultConfigurationIsVisible = 0;
			defaultConfigurationName = Release;
		};
		4F4362932232A767006E5BD8 /* Build configuration list for PBXNativeTarget "MZAppleEventDescriptor" */ = {
			isa = XCConfigurationList;
			buildConfigurations = (
				4F4362942232A767006E5BD8 /* Debug */,
				4F4362952232A767006E5BD8 /* Release */,
			);
			defaultConfigurationIsVisible = 0;
			defaultConfigurationName = Release;
		};
/* End XCConfigurationList section */
	};
	rootObject = 4F4362842232A767006E5BD8 /* Project object */;
}
